
Microsoft Visual Studio Solution File, Format Version 12.00
# Visual Studio Version 17
VisualStudioVersion = 17.14.36623.8 d17.14
MinimumVisualStudioVersion = 10.0.40219.1
Project("{D2ABAB84-BF74-430A-B69E-9DC6D40DDA17}") = "ProyectoSoporteSSAS", "ProyectoSoporteSSAS\ProyectoSoporteSSAS.dwproj", "{D0BD94AA-CCA2-015F-D12A-5AFD88BC6B3E}"
EndProject
Global
	GlobalSection(SolutionConfigurationPlatforms) = preSolution
		Development|Default = Development|Default
	EndGlobalSection
	GlobalSection(ProjectConfigurationPlatforms) = postSolution
		{D0BD94AA-CCA2-015F-D12A-5AFD88BC6B3E}.Development|Default.ActiveCfg = Development
		{D0BD94AA-CCA2-015F-D12A-5AFD88BC6B3E}.Development|Default.Build.0 = Development
		{D0BD94AA-CCA2-015F-D12A-5AFD88BC6B3E}.Development|Default.Deploy.0 = Development
	EndGlobalSection
	GlobalSection(SolutionProperties) = preSolution
		HideSolutionNode = FALSE
	EndGlobalSection
	GlobalSection(ExtensibilityGlobals) = postSolution
		SolutionGuid = {2F0DAF15-F18D-4AE1-BA98-72A4BFE082DC}
	EndGlobalSection
EndGlobal
